{
  "name": "project-telos-mcp",
  "version": "0.2.0",
  "lockfileVersion": 3,
  "requires": true,
  "packages": {
    "": {
      "name": "project-telos-mcp",
      "version": "0.2.0",
      "license": "FSL-1.1-ALv2",
      "bin": {
        "telos": "demo/telos.mjs",
        "telos-mcp": "demo/telos-mcp.mjs"
      },
      "engines": {
        "node": ">=20"
      }
    }
  }
}
